// !$*UTF8*$!
{
	archiveVersion = 1;
	classes = {
	};
	objectVersion = 46;
	objects = {

/* Begin PBXBuildFile section */
		0C44A2F31B6834B1003CBA73 /* CFNetwork.framework in Frameworks */ = {isa = PBXBuildFile; fileRef = 0C44A2F21B6834B1003CBA73 /* CFNetwork.framework */; };
		0C44A2F51B6834CB003CBA73 /* Firebase.framework in Frameworks */ = {isa = PBXBuildFile; fileRef = 0C44A2F41B6834CB003CBA73 /* Firebase.framework */; };
		0C44A2F71B6834DB003CBA73 /* SystemConfiguration.framework in Frameworks */ = {isa = PBXBuildFile; fileRef = 0C44A2F61B6834DB003CBA73 /* SystemConfiguration.framework */; };
		0C44A2F91B6834E6003CBA73 /* Security.framework in Frameworks */ = {isa = PBXBuildFile; fileRef = 0C44A2F81B6834E6003CBA73 /* Security.framework */; };
		0C44A2FB1B6834F8003CBA73 /* libicucore.dylib in Frameworks */ = {isa = PBXBuildFile; fileRef = 0C44A2FA1B6834F8003CBA73 /* libicucore.dylib */; };
		0C44A2FD1B68350A003CBA73 /* libc++.dylib in Frameworks */ = {isa = PBXBuildFile; fileRef = 0C44A2FC1B68350A003CBA73 /* libc++.dylib */; };
		0C6B9A9D1B66894300D5FBD4 /* AppDelegate.swift in Sources */ = {isa = PBXBuildFile; fileRef = 0C6B9A9C1B66894300D5FBD4 /* AppDelegate.swift */; };
		0C6B9AA01B66894300D5FBD4 /* miQuiz.xcdatamodeld in Sources */ = {isa = PBXBuildFile; fileRef = 0C6B9A9E1B66894300D5FBD4 /* miQuiz.xcdatamodeld */; };
		0C6B9AA21B66894300D5FBD4 /* ViewController.swift in Sources */ = {isa = PBXBuildFile; fileRef = 0C6B9AA11B66894300D5FBD4 /* ViewController.swift */; };
		0C6B9AA51B66894300D5FBD4 /* Main.storyboard in Resources */ = {isa = PBXBuildFile; fileRef = 0C6B9AA31B66894300D5FBD4 /* Main.storyboard */; };
		0C6B9AA71B66894300D5FBD4 /* Images.xcassets in Resources */ = {isa = PBXBuildFile; fileRef = 0C6B9AA61B66894300D5FBD4 /* Images.xcassets */; };
		0C6B9AAA1B66894300D5FBD4 /* LaunchScreen.xib in Resources */ = {isa = PBXBuildFile; fileRef = 0C6B9AA81B66894300D5FBD4 /* LaunchScreen.xib */; };
		0C6B9AB61B66894300D5FBD4 /* miQuizTests.swift in Sources */ = {isa = PBXBuildFile; fileRef = 0C6B9AB51B66894300D5FBD4 /* miQuizTests.swift */; };
		0C6B9AC01B66B55700D5FBD4 /* VCmiQuizzes.swift in Sources */ = {isa = PBXBuildFile; fileRef = 0C6B9ABF1B66B55700D5FBD4 /* VCmiQuizzes.swift */; };
		0C6B9AC21B66B5D100D5FBD4 /* VCmiQuizzesDetail.swift in Sources */ = {isa = PBXBuildFile; fileRef = 0C6B9AC11B66B5D100D5FBD4 /* VCmiQuizzesDetail.swift */; };
		0C6B9AC41B66B61D00D5FBD4 /* VCmiQuizzesDetailAddQuestion.swift in Sources */ = {isa = PBXBuildFile; fileRef = 0C6B9AC31B66B61D00D5FBD4 /* VCmiQuizzesDetailAddQuestion.swift */; };
		0C6B9AC61B66B63C00D5FBD4 /* VCmiQuestions.swift in Sources */ = {isa = PBXBuildFile; fileRef = 0C6B9AC51B66B63C00D5FBD4 /* VCmiQuestions.swift */; };
		0C6B9AC81B66B66200D5FBD4 /* VCmiQuestionsDetail.swift in Sources */ = {isa = PBXBuildFile; fileRef = 0C6B9AC71B66B66200D5FBD4 /* VCmiQuestionsDetail.swift */; };
		0C6B9ACA1B66B67D00D5FBD4 /* VCsharedQuizzes.swift in Sources */ = {isa = PBXBuildFile; fileRef = 0C6B9AC91B66B67D00D5FBD4 /* VCsharedQuizzes.swift */; };
		0C6B9ACC1B66B74800D5FBD4 /* VCsharedQuizzesDetail.swift in Sources */ = {isa = PBXBuildFile; fileRef = 0C6B9ACB1B66B74800D5FBD4 /* VCsharedQuizzesDetail.swift */; };
/* End PBXBuildFile section */

/* Begin PBXContainerItemProxy section */
		0C6B9AB01B66894300D5FBD4 /* PBXContainerItemProxy */ = {
			isa = PBXContainerItemProxy;
			containerPortal = 0C6B9A8F1B66894300D5FBD4 /* Project object */;
			proxyType = 1;
			remoteGlobalIDString = 0C6B9A961B66894300D5FBD4;
			remoteInfo = miQuiz;
		};
/* End PBXContainerItemProxy section */

/* Begin PBXFileReference section */
		0C44A2F21B6834B1003CBA73 /* CFNetwork.framework */ = {isa = PBXFileReference; lastKnownFileType = wrapper.framework; name = CFNetwork.framework; path = System/Library/Frameworks/CFNetwork.framework; sourceTree = SDKROOT; };
		0C44A2F41B6834CB003CBA73 /* Firebase.framework */ = {isa = PBXFileReference; lastKnownFileType = wrapper.framework; name = Firebase.framework; path = ../../../Downloads/Firebase/Firebase.framework; sourceTree = "<group>"; };
		0C44A2F61B6834DB003CBA73 /* SystemConfiguration.framework */ = {isa = PBXFileReference; lastKnownFileType = wrapper.framework; name = SystemConfiguration.framework; path = System/Library/Frameworks/SystemConfiguration.framework; sourceTree = SDKROOT; };
		0C44A2F81B6834E6003CBA73 /* Security.framework */ = {isa = PBXFileReference; lastKnownFileType = wrapper.framework; name = Security.framework; path = System/Library/Frameworks/Security.framework; sourceTree = SDKROOT; };
		0C44A2FA1B6834F8003CBA73 /* libicucore.dylib */ = {isa = PBXFileReference; lastKnownFileType = "compiled.mach-o.dylib"; name = libicucore.dylib; path = usr/lib/libicucore.dylib; sourceTree = SDKROOT; };
		0C44A2FC1B68350A003CBA73 /* libc++.dylib */ = {isa = PBXFileReference; lastKnownFileType = "compiled.mach-o.dylib"; name = "libc++.dylib"; path = "usr/lib/libc++.dylib"; sourceTree = SDKROOT; };
		0C44A2FE1B683590003CBA73 /* miQuiz-Bridging-Header.h */ = {isa = PBXFileReference; lastKnownFileType = sourcecode.c.h; path = "miQuiz-Bridging-Header.h"; sourceTree = "<group>"; };
		0C6B9A971B66894300D5FBD4 /* miQuiz.app */ = {isa = PBXFileReference; explicitFileType = wrapper.application; includeInIndex = 0; path = miQuiz.app; sourceTree = BUILT_PRODUCTS_DIR; };
		0C6B9A9B1B66894300D5FBD4 /* Info.plist */ = {isa = PBXFileReference; lastKnownFileType = text.plist.xml; path = Info.plist; sourceTree = "<group>"; };
		0C6B9A9C1B66894300D5FBD4 /* AppDelegate.swift */ = {isa = PBXFileReference; lastKnownFileType = sourcecode.swift; path = AppDelegate.swift; sourceTree = "<group>"; };
		0C6B9A9F1B66894300D5FBD4 /* miQuiz.xcdatamodel */ = {isa = PBXFileReference; lastKnownFileType = wrapper.xcdatamodel; path = miQuiz.xcdatamodel; sourceTree = "<group>"; };
		0C6B9AA11B66894300D5FBD4 /* ViewController.swift */ = {isa = PBXFileReference; lastKnownFileType = sourcecode.swift; path = ViewController.swift; sourceTree = "<group>"; };
		0C6B9AA41B66894300D5FBD4 /* Base */ = {isa = PBXFileReference; lastKnownFileType = file.storyboard; name = Base; path = Base.lproj/Main.storyboard; sourceTree = "<group>"; };
		0C6B9AA61B66894300D5FBD4 /* Images.xcassets */ = {isa = PBXFileReference; lastKnownFileType = folder.assetcatalog; path = Images.xcassets; sourceTree = "<group>"; };
		0C6B9AA91B66894300D5FBD4 /* Base */ = {isa = PBXFileReference; lastKnownFileType = file.xib; name = Base; path = Base.lproj/LaunchScreen.xib; sourceTree = "<group>"; };
		0C6B9AAF1B66894300D5FBD4 /* miQuizTests.xctest */ = {isa = PBXFileReference; explicitFileType = wrapper.cfbundle; includeInIndex = 0; path = miQuizTests.xctest; sourceTree = BUILT_PRODUCTS_DIR; };
		0C6B9AB41B66894300D5FBD4 /* Info.plist */ = {isa = PBXFileReference; lastKnownFileType = text.plist.xml; path = Info.plist; sourceTree = "<group>"; };
		0C6B9AB51B66894300D5FBD4 /* miQuizTests.swift */ = {isa = PBXFileReference; lastKnownFileType = sourcecode.swift; path = miQuizTests.swift; sourceTree = "<group>"; };
		0C6B9ABF1B66B55700D5FBD4 /* VCmiQuizzes.swift */ = {isa = PBXFileReference; fileEncoding = 4; lastKnownFileType = sourcecode.swift; path = VCmiQuizzes.swift; sourceTree = "<group>"; };
		0C6B9AC11B66B5D100D5FBD4 /* VCmiQuizzesDetail.swift */ = {isa = PBXFileReference; fileEncoding = 4; lastKnownFileType = sourcecode.swift; path = VCmiQuizzesDetail.swift; sourceTree = "<group>"; };
		0C6B9AC31B66B61D00D5FBD4 /* VCmiQuizzesDetailAddQuestion.swift */ = {isa = PBXFileReference; fileEncoding = 4; lastKnownFileType = sourcecode.swift; path = VCmiQuizzesDetailAddQuestion.swift; sourceTree = "<group>"; };
		0C6B9AC51B66B63C00D5FBD4 /* VCmiQuestions.swift */ = {isa = PBXFileReference; fileEncoding = 4; lastKnownFileType = sourcecode.swift; path = VCmiQuestions.swift; sourceTree = "<group>"; };
		0C6B9AC71B66B66200D5FBD4 /* VCmiQuestionsDetail.swift */ = {isa = PBXFileReference; fileEncoding = 4; lastKnownFileType = sourcecode.swift; path = VCmiQuestionsDetail.swift; sourceTree = "<group>"; };
		0C6B9AC91B66B67D00D5FBD4 /* VCsharedQuizzes.swift */ = {isa = PBXFileReference; fileEncoding = 4; lastKnownFileType = sourcecode.swift; path = VCsharedQuizzes.swift; sourceTree = "<group>"; };
		0C6B9ACB1B66B74800D5FBD4 /* VCsharedQuizzesDetail.swift */ = {isa = PBXFileReference; fileEncoding = 4; lastKnownFileType = sourcecode.swift; path = VCsharedQuizzesDetail.swift; sourceTree = "<group>"; };
/* End PBXFileReference section */

/* Begin PBXFrameworksBuildPhase section */
		0C6B9A941B66894300D5FBD4 /* Frameworks */ = {
			isa = PBXFrameworksBuildPhase;
			buildActionMask = 2147483647;
			files = (
				0C44A2FD1B68350A003CBA73 /* libc++.dylib in Frameworks */,
				0C44A2FB1B6834F8003CBA73 /* libicucore.dylib in Frameworks */,
				0C44A2F91B6834E6003CBA73 /* Security.framework in Frameworks */,
				0C44A2F71B6834DB003CBA73 /* SystemConfiguration.framework in Frameworks */,
				0C44A2F51B6834CB003CBA73 /* Firebase.framework in Frameworks */,
				0C44A2F31B6834B1003CBA73 /* CFNetwork.framework in Frameworks */,
			);
			runOnlyForDeploymentPostprocessing = 0;
		};
		0C6B9AAC1B66894300D5FBD4 /* Frameworks */ = {
			isa = PBXFrameworksBuildPhase;
			buildActionMask = 2147483647;
			files = (
			);
			runOnlyForDeploymentPostprocessing = 0;
		};
/* End PBXFrameworksBuildPhase section */

/* Begin PBXGroup section */
		0C6B9A8E1B66894300D5FBD4 = {
			isa = PBXGroup;
			children = (
				0C44A2FC1B68350A003CBA73 /* libc++.dylib */,
				0C44A2FA1B6834F8003CBA73 /* libicucore.dylib */,
				0C44A2F81B6834E6003CBA73 /* Security.framework */,
				0C44A2F61B6834DB003CBA73 /* SystemConfiguration.framework */,
				0C44A2F41B6834CB003CBA73 /* Firebase.framework */,
				0C44A2F21B6834B1003CBA73 /* CFNetwork.framework */,
				0C6B9A991B66894300D5FBD4 /* miQuiz */,
				0C6B9AB21B66894300D5FBD4 /* miQuizTests */,
				0C6B9A981B66894300D5FBD4 /* Products */,
				0C44A2FE1B683590003CBA73 /* miQuiz-Bridging-Header.h */,
			);
			sourceTree = "<group>";
		};
		0C6B9A981B66894300D5FBD4 /* Products */ = {
			isa = PBXGroup;
			children = (
				0C6B9A971B66894300D5FBD4 /* miQuiz.app */,
				0C6B9AAF1B66894300D5FBD4 /* miQuizTests.xctest */,
			);
			name = Products;
			sourceTree = "<group>";
		};
		0C6B9A991B66894300D5FBD4 /* miQuiz */ = {
			isa = PBXGroup;
			children = (
				0C6B9A9C1B66894300D5FBD4 /* AppDelegate.swift */,
				0C6B9AA11B66894300D5FBD4 /* ViewController.swift */,
				0C6B9ABF1B66B55700D5FBD4 /* VCmiQuizzes.swift */,
				0C6B9AA31B66894300D5FBD4 /* Main.storyboard */,
				0C6B9ACB1B66B74800D5FBD4 /* VCsharedQuizzesDetail.swift */,
				0C6B9AC91B66B67D00D5FBD4 /* VCsharedQuizzes.swift */,
				0C6B9AC71B66B66200D5FBD4 /* VCmiQuestionsDetail.swift */,
				0C6B9AC51B66B63C00D5FBD4 /* VCmiQuestions.swift */,
				0C6B9AC31B66B61D00D5FBD4 /* VCmiQuizzesDetailAddQuestion.swift */,
				0C6B9AC11B66B5D100D5FBD4 /* VCmiQuizzesDetail.swift */,
				0C6B9AA61B66894300D5FBD4 /* Images.xcassets */,
				0C6B9AA81B66894300D5FBD4 /* LaunchScreen.xib */,
				0C6B9A9E1B66894300D5FBD4 /* miQuiz.xcdatamodeld */,
				0C6B9A9A1B66894300D5FBD4 /* Supporting Files */,
			);
			path = miQuiz;
			sourceTree = "<group>";
		};
		0C6B9A9A1B66894300D5FBD4 /* Supporting Files */ = {
			isa = PBXGroup;
			children = (
				0C6B9A9B1B66894300D5FBD4 /* Info.plist */,
			);
			name = "Supporting Files";
			sourceTree = "<group>";
		};
		0C6B9AB21B66894300D5FBD4 /* miQuizTests */ = {
			isa = PBXGroup;
			children = (
				0C6B9AB51B66894300D5FBD4 /* miQuizTests.swift */,
				0C6B9AB31B66894300D5FBD4 /* Supporting Files */,
			);
			path = miQuizTests;
			sourceTree = "<group>";
		};
		0C6B9AB31B66894300D5FBD4 /* Supporting Files */ = {
			isa = PBXGroup;
			children = (
				0C6B9AB41B66894300D5FBD4 /* Info.plist */,
			);
			name = "Supporting Files";
			sourceTree = "<group>";
		};
/* End PBXGroup section */

/* Begin PBXNativeTarget section */
		0C6B9A961B66894300D5FBD4 /* miQuiz */ = {
			isa = PBXNativeTarget;
			buildConfigurationList = 0C6B9AB91B66894300D5FBD4 /* Build configuration list for PBXNativeTarget "miQuiz" */;
			buildPhases = (
				0C6B9A931B66894300D5FBD4 /* Sources */,
				0C6B9A941B66894300D5FBD4 /* Frameworks */,
				0C6B9A951B66894300D5FBD4 /* Resources */,
			);
			buildRules = (
			);
			dependencies = (
			);
			name = miQuiz;
			productName = miQuiz;
			productReference = 0C6B9A971B66894300D5FBD4 /* miQuiz.app */;
			productType = "com.apple.product-type.application";
		};
		0C6B9AAE1B66894300D5FBD4 /* miQuizTests */ = {
			isa = PBXNativeTarget;
			buildConfigurationList = 0C6B9ABC1B66894300D5FBD4 /* Build configuration list for PBXNativeTarget "miQuizTests" */;
			buildPhases = (
				0C6B9AAB1B66894300D5FBD4 /* Sources */,
				0C6B9AAC1B66894300D5FBD4 /* Frameworks */,
				0C6B9AAD1B66894300D5FBD4 /* Resources */,
			);
			buildRules = (
			);
			dependencies = (
				0C6B9AB11B66894300D5FBD4 /* PBXTargetDependency */,
			);
			name = miQuizTests;
			productName = miQuizTests;
			productReference = 0C6B9AAF1B66894300D5FBD4 /* miQuizTests.xctest */;
			productType = "com.apple.product-type.bundle.unit-test";
		};
/* End PBXNativeTarget section */

/* Begin PBXProject section */
		0C6B9A8F1B66894300D5FBD4 /* Project object */ = {
			isa = PBXProject;
			attributes = {
				LastUpgradeCheck = 0640;
				ORGANIZATIONNAME = "Jason Spence";
				TargetAttributes = {
					0C6B9A961B66894300D5FBD4 = {
						CreatedOnToolsVersion = 6.4;
						DevelopmentTeam = 38FE87B9JL;
					};
					0C6B9AAE1B66894300D5FBD4 = {
						CreatedOnToolsVersion = 6.4;
						TestTargetID = 0C6B9A961B66894300D5FBD4;
					};
				};
			};
			buildConfigurationList = 0C6B9A921B66894300D5FBD4 /* Build configuration list for PBXProject "miQuiz" */;
			compatibilityVersion = "Xcode 3.2";
			developmentRegion = English;
			hasScannedForEncodings = 0;
			knownRegions = (
				en,
				Base,
			);
			mainGroup = 0C6B9A8E1B66894300D5FBD4;
			productRefGroup = 0C6B9A981B66894300D5FBD4 /* Products */;
			projectDirPath = "";
			projectRoot = "";
			targets = (
				0C6B9A961B66894300D5FBD4 /* miQuiz */,
				0C6B9AAE1B66894300D5FBD4 /* miQuizTests */,
			);
		};
/* End PBXProject section */

/* Begin PBXResourcesBuildPhase section */
		0C6B9A951B66894300D5FBD4 /* Resources */ = {
			isa = PBXResourcesBuildPhase;
			buildActionMask = 2147483647;
			files = (
				0C6B9AA51B66894300D5FBD4 /* Main.storyboard in Resources */,
				0C6B9AAA1B66894300D5FBD4 /* LaunchScreen.xib in Resources */,
				0C6B9AA71B66894300D5FBD4 /* Images.xcassets in Resources */,
			);
			runOnlyForDeploymentPostprocessing = 0;
		};
		0C6B9AAD1B66894300D5FBD4 /* Resources */ = {
			isa = PBXResourcesBuildPhase;
			buildActionMask = 2147483647;
			files = (
			);
			runOnlyForDeploymentPostprocessing = 0;
		};
/* End PBXResourcesBuildPhase section */

/* Begin PBXSourcesBuildPhase section */
		0C6B9A931B66894300D5FBD4 /* Sources */ = {
			isa = PBXSourcesBuildPhase;
			buildActionMask = 2147483647;
			files = (
				0C6B9ACC1B66B74800D5FBD4 /* VCsharedQuizzesDetail.swift in Sources */,
				0C6B9AA21B66894300D5FBD4 /* ViewController.swift in Sources */,
				0C6B9AC81B66B66200D5FBD4 /* VCmiQuestionsDetail.swift in Sources */,
				0C6B9AC41B66B61D00D5FBD4 /* VCmiQuizzesDetailAddQuestion.swift in Sources */,
				0C6B9AC61B66B63C00D5FBD4 /* VCmiQuestions.swift in Sources */,
				0C6B9AA01B66894300D5FBD4 /* miQuiz.xcdatamodeld in Sources */,
				0C6B9AC21B66B5D100D5FBD4 /* VCmiQuizzesDetail.swift in Sources */,
				0C6B9ACA1B66B67D00D5FBD4 /* VCsharedQuizzes.swift in Sources */,
				0C6B9AC01B66B55700D5FBD4 /* VCmiQuizzes.swift in Sources */,
				0C6B9A9D1B66894300D5FBD4 /* AppDelegate.swift in Sources */,
			);
			runOnlyForDeploymentPostprocessing = 0;
		};
		0C6B9AAB1B66894300D5FBD4 /* Sources */ = {
			isa = PBXSourcesBuildPhase;
			buildActionMask = 2147483647;
			files = (
				0C6B9AB61B66894300D5FBD4 /* miQuizTests.swift in Sources */,
			);
			runOnlyForDeploymentPostprocessing = 0;
		};
/* End PBXSourcesBuildPhase section */

/* Begin PBXTargetDependency section */
		0C6B9AB11B66894300D5FBD4 /* PBXTargetDependency */ = {
			isa = PBXTargetDependency;
			target = 0C6B9A961B66894300D5FBD4 /* miQuiz */;
			targetProxy = 0C6B9AB01B66894300D5FBD4 /* PBXContainerItemProxy */;
		};
/* End PBXTargetDependency section */

/* Begin PBXVariantGroup section */
		0C6B9AA31B66894300D5FBD4 /* Main.storyboard */ = {
			isa = PBXVariantGroup;
			children = (
				0C6B9AA41B66894300D5FBD4 /* Base */,
			);
			name = Main.storyboard;
			sourceTree = "<group>";
		};
		0C6B9AA81B66894300D5FBD4 /* LaunchScreen.xib */ = {
			isa = PBXVariantGroup;
			children = (
				0C6B9AA91B66894300D5FBD4 /* Base */,
			);
			name = LaunchScreen.xib;
			sourceTree = "<group>";
		};
/* End PBXVariantGroup section */

/* Begin XCBuildConfiguration section */
		0C6B9AB71B66894300D5FBD4 /* Debug */ = {
			isa = XCBuildConfiguration;
			buildSettings = {
				ALWAYS_SEARCH_USER_PATHS = NO;
				CLANG_CXX_LANGUAGE_STANDARD = "gnu++0x";
				CLANG_CXX_LIBRARY = "libc++";
				CLANG_ENABLE_MODULES = YES;
				CLANG_ENABLE_OBJC_ARC = YES;
				CLANG_WARN_BOOL_CONVERSION = YES;
				CLANG_WARN_CONSTANT_CONVERSION = YES;
				CLANG_WARN_DIRECT_OBJC_ISA_USAGE = YES_ERROR;
				CLANG_WARN_EMPTY_BODY = YES;
				CLANG_WARN_ENUM_CONVERSION = YES;
				CLANG_WARN_INT_CONVERSION = YES;
				CLANG_WARN_OBJC_ROOT_CLASS = YES_ERROR;
				CLANG_WARN_UNREACHABLE_CODE = YES;
				CLANG_WARN__DUPLICATE_METHOD_MATCH = YES;
				"CODE_SIGN_IDENTITY[sdk=iphoneos*]" = "iPhone Developer";
				COPY_PHASE_STRIP = NO;
				DEBUG_INFORMATION_FORMAT = "dwarf-with-dsym";
				ENABLE_STRICT_OBJC_MSGSEND = YES;
				GCC_C_LANGUAGE_STANDARD = gnu99;
				GCC_DYNAMIC_NO_PIC = NO;
				GCC_NO_COMMON_BLOCKS = YES;
				GCC_OPTIMIZATION_LEVEL = 0;
				GCC_PREPROCESSOR_DEFINITIONS = (
					"DEBUG=1",
					"$(inherited)",
				);
				GCC_SYMBOLS_PRIVATE_EXTERN = NO;
				GCC_WARN_64_TO_32_BIT_CONVERSION = YES;
				GCC_WARN_ABOUT_RETURN_TYPE = YES_ERROR;
				GCC_WARN_UNDECLARED_SELECTOR = YES;
				GCC_WARN_UNINITIALIZED_AUTOS = YES_AGGRESSIVE;
				GCC_WARN_UNUSED_FUNCTION = YES;
				GCC_WARN_UNUSED_VARIABLE = YES;
				IPHONEOS_DEPLOYMENT_TARGET = 8.4;
				MTL_ENABLE_DEBUG_INFO = YES;
				ONLY_ACTIVE_ARCH = YES;
				SDKROOT = iphoneos;
				SWIFT_OPTIMIZATION_LEVEL = "-Onone";
				TARGETED_DEVICE_FAMILY = "1,2";
			};
			name = Debug;
		};
		0C6B9AB81B66894300D5FBD4 /* Release */ = {
			isa = XCBuildConfiguration;
			buildSettings = {
				ALWAYS_SEARCH_USER_PATHS = NO;
				CLANG_CXX_LANGUAGE_STANDARD = "gnu++0x";
				CLANG_CXX_LIBRARY = "libc++";
				CLANG_ENABLE_MODULES = YES;
				CLANG_ENABLE_OBJC_ARC = YES;
				CLANG_WARN_BOOL_CONVERSION = YES;
				CLANG_WARN_CONSTANT_CONVERSION = YES;
				CLANG_WARN_DIRECT_OBJC_ISA_USAGE = YES_ERROR;
				CLANG_WARN_EMPTY_BODY = YES;
				CLANG_WARN_ENUM_CONVERSION = YES;
				CLANG_WARN_INT_CONVERSION = YES;
				CLANG_WARN_OBJC_ROOT_CLASS = YES_ERROR;
				CLANG_WARN_UNREACHABLE_CODE = YES;
				CLANG_WARN__DUPLICATE_METHOD_MATCH = YES;
				"CODE_SIGN_IDENTITY[sdk=iphoneos*]" = "iPhone Developer";
				COPY_PHASE_STRIP = NO;
				DEBUG_INFORMATION_FORMAT = "dwarf-with-dsym";
				ENABLE_NS_ASSERTIONS = NO;
				ENABLE_STRICT_OBJC_MSGSEND = YES;
				GCC_C_LANGUAGE_STANDARD = gnu99;
				GCC_NO_COMMON_BLOCKS = YES;
				GCC_WARN_64_TO_32_BIT_CONVERSION = YES;
				GCC_WARN_ABOUT_RETURN_TYPE = YES_ERROR;
				GCC_WARN_UNDECLARED_SELECTOR = YES;
				GCC_WARN_UNINITIALIZED_AUTOS = YES_AGGRESSIVE;
				GCC_WARN_UNUSED_FUNCTION = YES;
				GCC_WARN_UNUSED_VARIABLE = YES;
				IPHONEOS_DEPLOYMENT_TARGET = 8.4;
				MTL_ENABLE_DEBUG_INFO = NO;
				SDKROOT = iphoneos;
				TARGETED_DEVICE_FAMILY = "1,2";
				VALIDATE_PRODUCT = YES;
			};
			name = Release;
		};
		0C6B9ABA1B66894300D5FBD4 /* Debug */ = {
			isa = XCBuildConfiguration;
			buildSettings = {
				ASSETCATALOG_COMPILER_APPICON_NAME = AppIcon;
				CLANG_ENABLE_MODULES = YES;
				CODE_SIGN_IDENTITY = "iPhone Developer";
				FRAMEWORK_SEARCH_PATHS = (
					"$(inherited)",
					/Users/Liam/Downloads/Firebase,
				);
				INFOPLIST_FILE = miQuiz/Info.plist;
				IPHONEOS_DEPLOYMENT_TARGET = 7.0;
				LD_RUNPATH_SEARCH_PATHS = "$(inherited) @executable_path/Frameworks";
				OTHER_LDFLAGS = "-ObjC";
				PRODUCT_NAME = "$(TARGET_NAME)";
				SWIFT_OBJC_BRIDGING_HEADER = "miQuiz-Bridging-Header.h";
				SWIFT_OPTIMIZATION_LEVEL = "-Onone";
				TARGETED_DEVICE_FAMILY = "1,2";
			};
			name = Debug;
		};
		0C6B9ABB1B66894300D5FBD4 /* Release */ = {
			isa = XCBuildConfiguration;
			buildSettings = {
				ASSETCATALOG_COMPILER_APPICON_NAME = AppIcon;
				CLANG_ENABLE_MODULES = YES;
				CODE_SIGN_IDENTITY = "iPhone Developer";
				FRAMEWORK_SEARCH_PATHS = (
					"$(inherited)",
					/Users/Liam/Downloads/Firebase,
				);
				INFOPLIST_FILE = miQuiz/Info.plist;
				IPHONEOS_DEPLOYMENT_TARGET = 7.0;
				LD_RUNPATH_SEARCH_PATHS = "$(inherited) @executable_path/Frameworks";
				OTHER_LDFLAGS = "-ObjC";
				PRODUCT_NAME = "$(TARGET_NAME)";
				SWIFT_OBJC_BRIDGING_HEADER = "miQuiz-Bridging-Header.h";
				TARGETED_DEVICE_FAMILY = "1,2";
			};
			name = Release;
		};
		0C6B9ABD1B66894300D5FBD4 /* Debug */ = {
			isa = XCBuildConfiguration;
			buildSettings = {
				BUNDLE_LOADER = "$(TEST_HOST)";
				FRAMEWORK_SEARCH_PATHS = (
					"$(SDKROOT)/Developer/Library/Frameworks",
					"$(inherited)",
				);
				GCC_PREPROCESSOR_DEFINITIONS = (
					"DEBUG=1",
					"$(inherited)",
				);
				INFOPLIST_FILE = miQuizTests/Info.plist;
				LD_RUNPATH_SEARCH_PATHS = "$(inherited) @executable_path/Frameworks @loader_path/Frameworks";
				PRODUCT_NAME = "$(TARGET_NAME)";
				TEST_HOST = "$(BUILT_PRODUCTS_DIR)/miQuiz.app/miQuiz";
			};
			name = Debug;
		};
		0C6B9ABE1B66894300D5FBD4 /* Release */ = {
			isa = XCBuildConfiguration;
			buildSettings = {
				BUNDLE_LOADER = "$(TEST_HOST)";
				FRAMEWORK_SEARCH_PATHS = (
					"$(SDKROOT)/Developer/Library/Frameworks",
					"$(inherited)",
				);
				INFOPLIST_FILE = miQuizTests/Info.plist;
				LD_RUNPATH_SEARCH_PATHS = "$(inherited) @executable_path/Frameworks @loader_path/Frameworks";
				PRODUCT_NAME = "$(TARGET_NAME)";
				TEST_HOST = "$(BUILT_PRODUCTS_DIR)/miQuiz.app/miQuiz";
			};
			name = Release;
		};
/* End XCBuildConfiguration section */

/* Begin XCConfigurationList section */
		0C6B9A921B66894300D5FBD4 /* Build configuration list for PBXProject "miQuiz" */ = {
			isa = XCConfigurationList;
			buildConfigurations = (
				0C6B9AB71B66894300D5FBD4 /* Debug */,
				0C6B9AB81B66894300D5FBD4 /* Release */,
			);
			defaultConfigurationIsVisible = 0;
			defaultConfigurationName = Release;
		};
		0C6B9AB91B66894300D5FBD4 /* Build configuration list for PBXNativeTarget "miQuiz" */ = {
			isa = XCConfigurationList;
			buildConfigurations = (
				0C6B9ABA1B66894300D5FBD4 /* Debug */,
				0C6B9ABB1B66894300D5FBD4 /* Release */,
			);
			defaultConfigurationIsVisible = 0;
			defaultConfigurationName = Release;
		};
		0C6B9ABC1B66894300D5FBD4 /* Build configuration list for PBXNativeTarget "miQuizTests" */ = {
			isa = XCConfigurationList;
			buildConfigurations = (
				0C6B9ABD1B66894300D5FBD4 /* Debug */,
				0C6B9ABE1B66894300D5FBD4 /* Release */,
			);
			defaultConfigurationIsVisible = 0;
			defaultConfigurationName = Release;
		};
/* End XCConfigurationList section */

/* Begin XCVersionGroup section */
		0C6B9A9E1B66894300D5FBD4 /* miQuiz.xcdatamodeld */ = {
			isa = XCVersionGroup;
			children = (
				0C6B9A9F1B66894300D5FBD4 /* miQuiz.xcdatamodel */,
			);
			currentVersion = 0C6B9A9F1B66894300D5FBD4 /* miQuiz.xcdatamodel */;
			path = miQuiz.xcdatamodeld;
			sourceTree = "<group>";
			versionGroupType = wrapper.xcdatamodel;
		};
/* End XCVersionGroup section */
	};
	rootObject = 0C6B9A8F1B66894300D5FBD4 /* Project object */;
}
